
Microsoft Visual Studio Solution File, Format Version 12.00
# Visual Studio Version 17
VisualStudioVersion = 17.2.32630.192
MinimumVisualStudioVersion = 10.0.40219.1
Project("{9A19103F-16F7-4668-BE54-9A1E7A4F7556}") = "ErgastApiHandler", "ErgastTest\ErgastApiHandler.csproj", "{FA03AF41-6049-4570-94C1-014E330F9E05}"
EndProject
Project("{9A19103F-16F7-4668-BE54-9A1E7A4F7556}") = "ErgastConsoleApp", "ConsoleApp1\ErgastConsoleApp.csproj", "{A99A5F81-C0D3-4FD7-86DD-87425B0115DA}"
EndProject
Project("{9A19103F-16F7-4668-BE54-9A1E7A4F7556}") = "Ergast-UnitTests", "Ergast-UnitTests\Ergast-UnitTests.csproj", "{C30265B8-B517-4F6B-A6F5-D6C94699DABE}"
EndProject
Global
	GlobalSection(SolutionConfigurationPlatforms) = preSolution
		Debug|Any CPU = Debug|Any CPU
		Release|Any CPU = Release|Any CPU
	EndGlobalSection
	GlobalSection(ProjectConfigurationPlatforms) = postSolution
		{FA03AF41-6049-4570-94C1-014E330F9E05}.Debug|Any CPU.ActiveCfg = Debug|Any CPU
		{FA03AF41-6049-4570-94C1-014E330F9E05}.Debug|Any CPU.Build.0 = Debug|Any CPU
		{FA03AF41-6049-4570-94C1-014E330F9E05}.Release|Any CPU.ActiveCfg = Release|Any CPU
		{FA03AF41-6049-4570-94C1-014E330F9E05}.Release|Any CPU.Build.0 = Release|Any CPU
		{A99A5F81-C0D3-4FD7-86DD-87425B0115DA}.Debug|Any CPU.ActiveCfg = Debug|Any CPU
		{A99A5F81-C0D3-4FD7-86DD-87425B0115DA}.Debug|Any CPU.Build.0 = Debug|Any CPU
		{A99A5F81-C0D3-4FD7-86DD-87425B0115DA}.Release|Any CPU.ActiveCfg = Release|Any CPU
		{A99A5F81-C0D3-4FD7-86DD-87425B0115DA}.Release|Any CPU.Build.0 = Release|Any CPU
		{C30265B8-B517-4F6B-A6F5-D6C94699DABE}.Debug|Any CPU.ActiveCfg = Debug|Any CPU
		{C30265B8-B517-4F6B-A6F5-D6C94699DABE}.Debug|Any CPU.Build.0 = Debug|Any CPU
		{C30265B8-B517-4F6B-A6F5-D6C94699DABE}.Release|Any CPU.ActiveCfg = Release|Any CPU
		{C30265B8-B517-4F6B-A6F5-D6C94699DABE}.Release|Any CPU.Build.0 = Release|Any CPU
	EndGlobalSection
	GlobalSection(SolutionProperties) = preSolution
		HideSolutionNode = FALSE
	EndGlobalSection
	GlobalSection(ExtensibilityGlobals) = postSolution
		SolutionGuid = {F4E1044A-53F4-4DBB-B731-85C4C8A10F10}
	EndGlobalSection
EndGlobal
